lockfileVersion: '9.0'

settings:
  autoInstallPeers: true
  excludeLinksFromLockfile: false

importers:

  .:
    dependencies:
      dotenv:
        specifier: ^17.2.3
        version: 17.2.3
      remeda:
        specifier: ^2.32.0
        version: 2.32.0
      z3-solver:
        specifier: ^4.15.4
        version: 4.15.4
    devDependencies:
      '@types/node':
        specifier: ^24.10.1
        version: 24.10.1
      tsx:
        specifier: ^4.20.6
        version: 4.20.6
      typescript:
        specifier: ^5.9.3
        version: 5.9.3
      vite:
        specifier: ^7.2.2
        version: 7.2.2(@types/node@24.10.1)(tsx@4.20.6)
      vitest:
        specifier: ^4.0.10
        version: 4.0.10(@types/node@24.10.1)(tsx@4.20.6)

packages:

  '@esbuild/aix-ppc64@0.25.6':
    resolution: {integrity: sha512-ShbM/3XxwuxjFiuVBHA+d3j5dyac0aEVVq1oluIDf71hUw0aRF59dV/efUsIwFnR6m8JNM2FjZOzmaZ8yG61kw==}
    engines: {node: '>=18'}
    cpu: [ppc64]
    os: [aix]

  '@esbuild/android-arm64@0.25.6':
    resolution: {integrity: sha512-hd5zdUarsK6strW+3Wxi5qWws+rJhCCbMiC9QZyzoxfk5uHRIE8T287giQxzVpEvCwuJ9Qjg6bEjcRJcgfLqoA==}
    engines: {node: '>=18'}
    cpu: [arm64]
    os: [android]

  '@esbuild/android-arm@0.25.6':
    resolution: {integrity: sha512-S8ToEOVfg++AU/bHwdksHNnyLyVM+eMVAOf6yRKFitnwnbwwPNqKr3srzFRe7nzV69RQKb5DgchIX5pt3L53xg==}
    engines: {node: '>=18'}
    cpu: [arm]
    os: [android]

  '@esbuild/android-x64@0.25.6':
    resolution: {integrity: sha512-0Z7KpHSr3VBIO9A/1wcT3NTy7EB4oNC4upJ5ye3R7taCc2GUdeynSLArnon5G8scPwaU866d3H4BCrE5xLW25A==}
    engines: {node: '>=18'}
    cpu: [x64]
    os: [android]

  '@esbuild/darwin-arm64@0.25.6':
    resolution: {integrity: sha512-FFCssz3XBavjxcFxKsGy2DYK5VSvJqa6y5HXljKzhRZ87LvEi13brPrf/wdyl/BbpbMKJNOr1Sd0jtW4Ge1pAA==}
    engines: {node: '>=18'}
    cpu: [arm64]
    os: [darwin]

  '@esbuild/darwin-x64@0.25.6':
    resolution: {integrity: sha512-GfXs5kry/TkGM2vKqK2oyiLFygJRqKVhawu3+DOCk7OxLy/6jYkWXhlHwOoTb0WqGnWGAS7sooxbZowy+pK9Yg==}
    engines: {node: '>=18'}
    cpu: [x64]
    os: [darwin]

  '@esbuild/freebsd-arm64@0.25.6':
    resolution: {integrity: sha512-aoLF2c3OvDn2XDTRvn8hN6DRzVVpDlj2B/F66clWd/FHLiHaG3aVZjxQX2DYphA5y/evbdGvC6Us13tvyt4pWg==}
    engines: {node: '>=18'}
    cpu: [arm64]
    os: [freebsd]

  '@esbuild/freebsd-x64@0.25.6':
    resolution: {integrity: sha512-2SkqTjTSo2dYi/jzFbU9Plt1vk0+nNg8YC8rOXXea+iA3hfNJWebKYPs3xnOUf9+ZWhKAaxnQNUf2X9LOpeiMQ==}
    engines: {node: '>=18'}
    cpu: [x64]
    os: [freebsd]

  '@esbuild/linux-arm64@0.25.6':
    resolution: {integrity: sha512-b967hU0gqKd9Drsh/UuAm21Khpoh6mPBSgz8mKRq4P5mVK8bpA+hQzmm/ZwGVULSNBzKdZPQBRT3+WuVavcWsQ==}
    engines: {node: '>=18'}
    cpu: [arm64]
    os: [linux]

  '@esbuild/linux-arm@0.25.6':
    resolution: {integrity: sha512-SZHQlzvqv4Du5PrKE2faN0qlbsaW/3QQfUUc6yO2EjFcA83xnwm91UbEEVx4ApZ9Z5oG8Bxz4qPE+HFwtVcfyw==}
    engines: {node: '>=18'}
    cpu: [arm]
    os: [linux]

  '@esbuild/linux-ia32@0.25.6':
    resolution: {integrity: sha512-aHWdQ2AAltRkLPOsKdi3xv0mZ8fUGPdlKEjIEhxCPm5yKEThcUjHpWB1idN74lfXGnZ5SULQSgtr5Qos5B0bPw==}
    engines: {node: '>=18'}
    cpu: [ia32]
    os: [linux]

  '@esbuild/linux-loong64@0.25.6':
    resolution: {integrity: sha512-VgKCsHdXRSQ7E1+QXGdRPlQ/e08bN6WMQb27/TMfV+vPjjTImuT9PmLXupRlC90S1JeNNW5lzkAEO/McKeJ2yg==}
    engines: {node: '>=18'}
    cpu: [loong64]
    os: [linux]

  '@esbuild/linux-mips64el@0.25.6':
    resolution: {integrity: sha512-WViNlpivRKT9/py3kCmkHnn44GkGXVdXfdc4drNmRl15zVQ2+D2uFwdlGh6IuK5AAnGTo2qPB1Djppj+t78rzw==}
    engines: {node: '>=18'}
    cpu: [mips64el]
    os: [linux]

  '@esbuild/linux-ppc64@0.25.6':
    resolution: {integrity: sha512-wyYKZ9NTdmAMb5730I38lBqVu6cKl4ZfYXIs31Baf8aoOtB4xSGi3THmDYt4BTFHk7/EcVixkOV2uZfwU3Q2Jw==}
    engines: {node: '>=18'}
    cpu: [ppc64]
    os: [linux]

  '@esbuild/linux-riscv64@0.25.6':
    resolution: {integrity: sha512-KZh7bAGGcrinEj4qzilJ4hqTY3Dg2U82c8bv+e1xqNqZCrCyc+TL9AUEn5WGKDzm3CfC5RODE/qc96OcbIe33w==}
    engines: {node: '>=18'}
    cpu: [riscv64]
    os: [linux]

  '@esbuild/linux-s390x@0.25.6':
    resolution: {integrity: sha512-9N1LsTwAuE9oj6lHMyyAM+ucxGiVnEqUdp4v7IaMmrwb06ZTEVCIs3oPPplVsnjPfyjmxwHxHMF8b6vzUVAUGw==}
    engines: {node: '>=18'}
    cpu: [s390x]
    os: [linux]

  '@esbuild/linux-x64@0.25.6':
    resolution: {integrity: sha512-A6bJB41b4lKFWRKNrWoP2LHsjVzNiaurf7wyj/XtFNTsnPuxwEBWHLty+ZE0dWBKuSK1fvKgrKaNjBS7qbFKig==}
    engines: {node: '>=18'}
    cpu: [x64]
    os: [linux]

  '@esbuild/netbsd-arm64@0.25.6':
    resolution: {integrity: sha512-IjA+DcwoVpjEvyxZddDqBY+uJ2Snc6duLpjmkXm/v4xuS3H+3FkLZlDm9ZsAbF9rsfP3zeA0/ArNDORZgrxR/Q==}
    engines: {node: '>=18'}
    cpu: [arm64]
    os: [netbsd]

  '@esbuild/netbsd-x64@0.25.6':
    resolution: {integrity: sha512-dUXuZr5WenIDlMHdMkvDc1FAu4xdWixTCRgP7RQLBOkkGgwuuzaGSYcOpW4jFxzpzL1ejb8yF620UxAqnBrR9g==}
    engines: {node: '>=18'}
    cpu: [x64]
    os: [netbsd]

  '@esbuild/openbsd-arm64@0.25.6':
    resolution: {integrity: sha512-l8ZCvXP0tbTJ3iaqdNf3pjaOSd5ex/e6/omLIQCVBLmHTlfXW3zAxQ4fnDmPLOB1x9xrcSi/xtCWFwCZRIaEwg==}
    engines: {node: '>=18'}
    cpu: [arm64]
    os: [openbsd]

  '@esbuild/openbsd-x64@0.25.6':
    resolution: {integrity: sha512-hKrmDa0aOFOr71KQ/19JC7az1P0GWtCN1t2ahYAf4O007DHZt/dW8ym5+CUdJhQ/qkZmI1HAF8KkJbEFtCL7gw==}
    engines: {node: '>=18'}
    cpu: [x64]
    os: [openbsd]

  '@esbuild/openharmony-arm64@0.25.6':
    resolution: {integrity: sha512-+SqBcAWoB1fYKmpWoQP4pGtx+pUUC//RNYhFdbcSA16617cchuryuhOCRpPsjCblKukAckWsV+aQ3UKT/RMPcA==}
    engines: {node: '>=18'}
    cpu: [arm64]
    os: [openharmony]

  '@esbuild/sunos-x64@0.25.6':
    resolution: {integrity: sha512-dyCGxv1/Br7MiSC42qinGL8KkG4kX0pEsdb0+TKhmJZgCUDBGmyo1/ArCjNGiOLiIAgdbWgmWgib4HoCi5t7kA==}
    engines: {node: '>=18'}
    cpu: [x64]
    os: [sunos]

  '@esbuild/win32-arm64@0.25.6':
    resolution: {integrity: sha512-42QOgcZeZOvXfsCBJF5Afw73t4veOId//XD3i+/9gSkhSV6Gk3VPlWncctI+JcOyERv85FUo7RxuxGy+z8A43Q==}
    engines: {node: '>=18'}
    cpu: [arm64]
    os: [win32]

  '@esbuild/win32-ia32@0.25.6':
    resolution: {integrity: sha512-4AWhgXmDuYN7rJI6ORB+uU9DHLq/erBbuMoAuB4VWJTu5KtCgcKYPynF0YI1VkBNuEfjNlLrFr9KZPJzrtLkrQ==}
    engines: {node: '>=18'}
    cpu: [ia32]
    os: [win32]

  '@esbuild/win32-x64@0.25.6':
    resolution: {integrity: sha512-NgJPHHbEpLQgDH2MjQu90pzW/5vvXIZ7KOnPyNBm92A6WgZ/7b6fJyUBjoumLqeOQQGqY2QjQxRo97ah4Sj0cA==}
    engines: {node: '>=18'}
    cpu: [x64]
    os: [win32]

  '@jridgewell/sourcemap-codec@1.5.5':
    resolution: {integrity: sha512-cYQ9310grqxueWbl+WuIUIaiUaDcj7WOq5fVhEljNVgRfOUhY9fy2zTvfoqWsnebh8Sl70VScFbICvJnLKB0Og==}

  '@rollup/rollup-android-arm-eabi@4.44.2':
    resolution: {integrity: sha512-g0dF8P1e2QYPOj1gu7s/3LVP6kze9A7m6x0BZ9iTdXK8N5c2V7cpBKHV3/9A4Zd8xxavdhK0t4PnqjkqVmUc9Q==}
    cpu: [arm]
    os: [android]

  '@rollup/rollup-android-arm64@4.44.2':
    resolution: {integrity: sha512-Yt5MKrOosSbSaAK5Y4J+vSiID57sOvpBNBR6K7xAaQvk3MkcNVV0f9fE20T+41WYN8hDn6SGFlFrKudtx4EoxA==}
    cpu: [arm64]
    os: [android]

  '@rollup/rollup-darwin-arm64@4.44.2':
    resolution: {integrity: sha512-EsnFot9ZieM35YNA26nhbLTJBHD0jTwWpPwmRVDzjylQT6gkar+zenfb8mHxWpRrbn+WytRRjE0WKsfaxBkVUA==}
    cpu: [arm64]
    os: [darwin]

  '@rollup/rollup-darwin-x64@4.44.2':
    resolution: {integrity: sha512-dv/t1t1RkCvJdWWxQ2lWOO+b7cMsVw5YFaS04oHpZRWehI1h0fV1gF4wgGCTyQHHjJDfbNpwOi6PXEafRBBezw==}
    cpu: [x64]
    os: [darwin]

  '@rollup/rollup-freebsd-arm64@4.44.2':
    resolution: {integrity: sha512-W4tt4BLorKND4qeHElxDoim0+BsprFTwb+vriVQnFFtT/P6v/xO5I99xvYnVzKWrK6j7Hb0yp3x7V5LUbaeOMg==}
    cpu: [arm64]
    os: [freebsd]

  '@rollup/rollup-freebsd-x64@4.44.2':
    resolution: {integrity: sha512-tdT1PHopokkuBVyHjvYehnIe20fxibxFCEhQP/96MDSOcyjM/shlTkZZLOufV3qO6/FQOSiJTBebhVc12JyPTA==}
    cpu: [x64]
    os: [freebsd]

  '@rollup/rollup-linux-arm-gnueabihf@4.44.2':
    resolution: {integrity: sha512-+xmiDGGaSfIIOXMzkhJ++Oa0Gwvl9oXUeIiwarsdRXSe27HUIvjbSIpPxvnNsRebsNdUo7uAiQVgBD1hVriwSQ==}
    cpu: [arm]
    os: [linux]

  '@rollup/rollup-linux-arm-musleabihf@4.44.2':
    resolution: {integrity: sha512-bDHvhzOfORk3wt8yxIra8N4k/N0MnKInCW5OGZaeDYa/hMrdPaJzo7CSkjKZqX4JFUWjUGm88lI6QJLCM7lDrA==}
    cpu: [arm]
    os: [linux]

  '@rollup/rollup-linux-arm64-gnu@4.44.2':
    resolution: {integrity: sha512-NMsDEsDiYghTbeZWEGnNi4F0hSbGnsuOG+VnNvxkKg0IGDvFh7UVpM/14mnMwxRxUf9AdAVJgHPvKXf6FpMB7A==}
    cpu: [arm64]
    os: [linux]

  '@rollup/rollup-linux-arm64-musl@4.44.2':
    resolution: {integrity: sha512-lb5bxXnxXglVq+7imxykIp5xMq+idehfl+wOgiiix0191av84OqbjUED+PRC5OA8eFJYj5xAGcpAZ0pF2MnW+A==}
    cpu: [arm64]
    os: [linux]

  '@rollup/rollup-linux-loongarch64-gnu@4.44.2':
    resolution: {integrity: sha512-Yl5Rdpf9pIc4GW1PmkUGHdMtbx0fBLE1//SxDmuf3X0dUC57+zMepow2LK0V21661cjXdTn8hO2tXDdAWAqE5g==}
    cpu: [loong64]
    os: [linux]

  '@rollup/rollup-linux-powerpc64le-gnu@4.44.2':
    resolution: {integrity: sha512-03vUDH+w55s680YYryyr78jsO1RWU9ocRMaeV2vMniJJW/6HhoTBwyyiiTPVHNWLnhsnwcQ0oH3S9JSBEKuyqw==}
    cpu: [ppc64]
    os: [linux]

  '@rollup/rollup-linux-riscv64-gnu@4.44.2':
    resolution: {integrity: sha512-iYtAqBg5eEMG4dEfVlkqo05xMOk6y/JXIToRca2bAWuqjrJYJlx/I7+Z+4hSrsWU8GdJDFPL4ktV3dy4yBSrzg==}
    cpu: [riscv64]
    os: [linux]

  '@rollup/rollup-linux-riscv64-musl@4.44.2':
    resolution: {integrity: sha512-e6vEbgaaqz2yEHqtkPXa28fFuBGmUJ0N2dOJK8YUfijejInt9gfCSA7YDdJ4nYlv67JfP3+PSWFX4IVw/xRIPg==}
    cpu: [riscv64]
    os: [linux]

  '@rollup/rollup-linux-s390x-gnu@4.44.2':
    resolution: {integrity: sha512-evFOtkmVdY3udE+0QKrV5wBx7bKI0iHz5yEVx5WqDJkxp9YQefy4Mpx3RajIVcM6o7jxTvVd/qpC1IXUhGc1Mw==}
    cpu: [s390x]
    os: [linux]

  '@rollup/rollup-linux-x64-gnu@4.44.2':
    resolution: {integrity: sha512-/bXb0bEsWMyEkIsUL2Yt5nFB5naLAwyOWMEviQfQY1x3l5WsLKgvZf66TM7UTfED6erckUVUJQ/jJ1FSpm3pRQ==}
    cpu: [x64]
    os: [linux]

  '@rollup/rollup-linux-x64-musl@4.44.2':
    resolution: {integrity: sha512-3D3OB1vSSBXmkGEZR27uiMRNiwN08/RVAcBKwhUYPaiZ8bcvdeEwWPvbnXvvXHY+A/7xluzcN+kaiOFNiOZwWg==}
    cpu: [x64]
    os: [linux]

  '@rollup/rollup-win32-arm64-msvc@4.44.2':
    resolution: {integrity: sha512-VfU0fsMK+rwdK8mwODqYeM2hDrF2WiHaSmCBrS7gColkQft95/8tphyzv2EupVxn3iE0FI78wzffoULH1G+dkw==}
    cpu: [arm64]
    os: [win32]

  '@rollup/rollup-win32-ia32-msvc@4.44.2':
    resolution: {integrity: sha512-+qMUrkbUurpE6DVRjiJCNGZBGo9xM4Y0FXU5cjgudWqIBWbcLkjE3XprJUsOFgC6xjBClwVa9k6O3A7K3vxb5Q==}
    cpu: [ia32]
    os: [win32]

  '@rollup/rollup-win32-x64-msvc@4.44.2':
    resolution: {integrity: sha512-3+QZROYfJ25PDcxFF66UEk8jGWigHJeecZILvkPkyQN7oc5BvFo4YEXFkOs154j3FTMp9mn9Ky8RCOwastduEA==}
    cpu: [x64]
    os: [win32]

  '@standard-schema/spec@1.0.0':
    resolution: {integrity: sha512-m2bOd0f2RT9k8QJx1JN85cZYyH1RqFBdlwtkSlf4tBDYLCiiZnv1fIIwacK6cqwXavOydf0NPToMQgpKq+dVlA==}

  '@types/chai@5.2.2':
    resolution: {integrity: sha512-8kB30R7Hwqf40JPiKhVzodJs2Qc1ZJ5zuT3uzw5Hq/dhNCl3G3l83jfpdI1e20BP348+fV7VIL/+FxaXkqBmWg==}

  '@types/deep-eql@4.0.2':
    resolution: {integrity: sha512-c9h9dVVMigMPc4bwTvC5dxqtqJZwQPePsWjPlpSOnojbor6pGqdk541lfA7AqFQr5pB1BRdq0juY9db81BwyFw==}

  '@types/estree@1.0.8':
    resolution: {integrity: sha512-dWHzHa2WqEXI/O1E9OjrocMTKJl2mSrEolh1Iomrv6U+JuNwaHXsXx9bLu5gG7BUWFIN0skIQJQ/L1rIex4X6w==}

  '@types/node@24.10.1':
    resolution: {integrity: sha512-GNWcUTRBgIRJD5zj+Tq0fKOJ5XZajIiBroOF0yvj2bSU1WvNdYS/dn9UxwsujGW4JX06dnHyjV2y9rRaybH0iQ==}

  '@vitest/expect@4.0.10':
    resolution: {integrity: sha512-3QkTX/lK39FBNwARCQRSQr0TP9+ywSdxSX+LgbJ2M1WmveXP72anTbnp2yl5fH+dU6SUmBzNMrDHs80G8G2DZg==}

  '@vitest/mocker@4.0.10':
    resolution: {integrity: sha512-e2OfdexYkjkg8Hh3L9NVEfbwGXq5IZbDovkf30qW2tOh7Rh9sVtmSr2ztEXOFbymNxS4qjzLXUQIvATvN4B+lg==}
    peerDependencies:
      msw: ^2.4.9
      vite: ^6.0.0 || ^7.0.0-0
    peerDependenciesMeta:
      msw:
        optional: true
      vite:
        optional: true

  '@vitest/pretty-format@4.0.10':
    resolution: {integrity: sha512-99EQbpa/zuDnvVjthwz5bH9o8iPefoQZ63WV8+bsRJZNw3qQSvSltfut8yu1Jc9mqOYi7pEbsKxYTi/rjaq6PA==}

  '@vitest/runner@4.0.10':
    resolution: {integrity: sha512-EXU2iSkKvNwtlL8L8doCpkyclw0mc/t4t9SeOnfOFPyqLmQwuceMPA4zJBa6jw0MKsZYbw7kAn+gl7HxrlB8UQ==}

  '@vitest/snapshot@4.0.10':
    resolution: {integrity: sha512-2N4X2ZZl7kZw0qeGdQ41H0KND96L3qX1RgwuCfy6oUsF2ISGD/HpSbmms+CkIOsQmg2kulwfhJ4CI0asnZlvkg==}

  '@vitest/spy@4.0.10':
    resolution: {integrity: sha512-AsY6sVS8OLb96GV5RoG8B6I35GAbNrC49AO+jNRF9YVGb/g9t+hzNm1H6kD0NDp8tt7VJLs6hb7YMkDXqu03iw==}

  '@vitest/utils@4.0.10':
    resolution: {integrity: sha512-kOuqWnEwZNtQxMKg3WmPK1vmhZu9WcoX69iwWjVz+jvKTsF1emzsv3eoPcDr6ykA3qP2bsCQE7CwqfNtAVzsmg==}

  async-mutex@0.3.2:
    resolution: {integrity: sha512-HuTK7E7MT7jZEh1P9GtRW9+aTWiDWWi9InbZ5hjxrnRa39KS4BW04+xLBhYNS2aXhHUIKZSw3gj4Pn1pj+qGAA==}

  chai@6.2.1:
    resolution: {integrity: sha512-p4Z49OGG5W/WBCPSS/dH3jQ73kD6tiMmUM+bckNK6Jr5JHMG3k9bg/BvKR8lKmtVBKmOiuVaV2ws8s9oSbwysg==}
    engines: {node: '>=18'}

  debug@4.4.3:
    resolution: {integrity: sha512-RGwwWnwQvkVfavKVt22FGLw+xYSdzARwm0ru6DhTVA3umU5hZc28V3kO4stgYryrTlLpuvgI9GiijltAjNbcqA==}
    engines: {node: '>=6.0'}
    peerDependencies:
      supports-color: '*'
    peerDependenciesMeta:
      supports-color:
        optional: true

  dotenv@17.2.3:
    resolution: {integrity: sha512-JVUnt+DUIzu87TABbhPmNfVdBDt18BLOWjMUFJMSi/Qqg7NTYtabbvSNJGOJ7afbRuv9D/lngizHtP7QyLQ+9w==}
    engines: {node: '>=12'}

  es-module-lexer@1.7.0:
    resolution: {integrity: sha512-jEQoCwk8hyb2AZziIOLhDqpm5+2ww5uIE6lkO/6jcOCusfk6LhMHpXXfBLXTZ7Ydyt0j4VoUQv6uGNYbdW+kBA==}

  esbuild@0.25.6:
    resolution: {integrity: sha512-GVuzuUwtdsghE3ocJ9Bs8PNoF13HNQ5TXbEi2AhvVb8xU1Iwt9Fos9FEamfoee+u/TOsn7GUWc04lz46n2bbTg==}
    engines: {node: '>=18'}
    hasBin: true

  estree-walker@3.0.3:
    resolution: {integrity: sha512-7RUKfXgSMMkzt6ZuXmqapOurLGPPfgj6l9uRZ7lRGolvk0y2yocc35LdcxKC5PQZdn2DMqioAQ2NoWcrTKmm6g==}

  expect-type@1.2.2:
    resolution: {integrity: sha512-JhFGDVJ7tmDJItKhYgJCGLOWjuK9vPxiXoUFLwLDc99NlmklilbiQJwoctZtt13+xMw91MCk/REan6MWHqDjyA==}
    engines: {node: '>=12.0.0'}

  fdir@6.5.0:
    resolution: {integrity: sha512-tIbYtZbucOs0BRGqPJkshJUYdL+SDH7dVM8gjy+ERp3WAUjLEFJE+02kanyHtwjWOnwrKYBiwAmM0p4kLJAnXg==}
    engines: {node: '>=12.0.0'}
    peerDependencies:
      picomatch: ^3 || ^4
    peerDependenciesMeta:
      picomatch:
        optional: true

  fsevents@2.3.3:
    resolution: {integrity: sha512-5xoDfX+fL7faATnagmWPpbFtwh/R77WmMMqqHGS65C3vvB0YHrgF+B1YmZ3441tMj5n63k0212XNoJwzlhffQw==}
    engines: {node: ^8.16.0 || ^10.6.0 || >=11.0.0}
    os: [darwin]

  get-tsconfig@4.13.0:
    resolution: {integrity: sha512-1VKTZJCwBrvbd+Wn3AOgQP/2Av+TfTCOlE4AcRJE72W1ksZXbAx8PPBR9RzgTeSPzlPMHrbANMH3LbltH73wxQ==}

  magic-string@0.30.21:
    resolution: {integrity: sha512-vd2F4YUyEXKGcLHoq+TEyCjxueSeHnFxyyjNp80yg0XV4vUhnDer/lvvlqM/arB5bXQN5K2/3oinyCRyx8T2CQ==}

  ms@2.1.3:
    resolution: {integrity: sha512-6FlzubTLZG3J2a/NVCAleEhjzq5oxgHyaCU9yYXvcLsvoVaHJq/s5xXI6/XXP6tz7R9xAOtHnSO/tXtF3WRTlA==}

  nanoid@3.3.11:
    resolution: {integrity: sha512-N8SpfPUnUp1bK+PMYW8qSWdl9U+wwNWI4QKxOYDy9JAro3WMX7p2OeVRF9v+347pnakNevPmiHhNmZ2HbFA76w==}
    engines: {node: ^10 || ^12 || ^13.7 || ^14 || >=15.0.1}
    hasBin: true

  pathe@2.0.3:
    resolution: {integrity: sha512-WUjGcAqP1gQacoQe+OBJsFA7Ld4DyXuUIjZ5cc75cLHvJ7dtNsTugphxIADwspS+AraAUePCKrSVtPLFj/F88w==}

  picocolors@1.1.1:
    resolution: {integrity: sha512-xceH2snhtb5M9liqDsmEw56le376mTZkEX/jEb/RxNFyegNul7eNslCXP9FDj/Lcu0X8KEyMceP2ntpaHrDEVA==}

  picomatch@4.0.3:
    resolution: {integrity: sha512-5gTmgEY/sqK6gFXLIsQNH19lWb4ebPDLA4SdLP7dsWkIXHWlG66oPuVvXSGFPppYZz8ZDZq0dYYrbHfBCVUb1Q==}
    engines: {node: '>=12'}

  postcss@8.5.6:
    resolution: {integrity: sha512-3Ybi1tAuwAP9s0r1UQ2J4n5Y0G05bJkpUIO0/bI9MhwmD70S5aTWbXGBwxHrelT+XM1k6dM0pk+SwNkpTRN7Pg==}
    engines: {node: ^10 || ^12 || >=14}

  remeda@2.32.0:
    resolution: {integrity: sha512-BZx9DsT4FAgXDTOdgJIc5eY6ECIXMwtlSPQoPglF20ycSWigttDDe88AozEsPPT4OWk5NujroGSBC1phw5uU+w==}

  resolve-pkg-maps@1.0.0:
    resolution: {integrity: sha512-seS2Tj26TBVOC2NIc2rOe2y2ZO7efxITtLZcGSOnHHNOQ7CkiUBfw0Iw2ck6xkIhPwLhKNLS8BO+hEpngQlqzw==}

  rollup@4.44.2:
    resolution: {integrity: sha512-PVoapzTwSEcelaWGth3uR66u7ZRo6qhPHc0f2uRO9fX6XDVNrIiGYS0Pj9+R8yIIYSD/mCx2b16Ws9itljKSPg==}
    engines: {node: '>=18.0.0', npm: '>=8.0.0'}
    hasBin: true

  siginfo@2.0.0:
    resolution: {integrity: sha512-ybx0WO1/8bSBLEWXZvEd7gMW3Sn3JFlW3TvX1nREbDLRNQNaeNN8WK0meBwPdAaOI7TtRRRJn/Es1zhrrCHu7g==}

  source-map-js@1.2.1:
    resolution: {integrity: sha512-UXWMKhLOwVKb728IUtQPXxfYU+usdybtUrK/8uGE8CQMvrhOpwvzDBwj0QhSL7MQc7vIsISBG8VQ8+IDQxpfQA==}
    engines: {node: '>=0.10.0'}

  stackback@0.0.2:
    resolution: {integrity: sha512-1XMJE5fQo1jGH6Y/7ebnwPOBEkIEnT4QF32d5R1+VXdXveM0IBMJt8zfaxX1P3QhVwrYe+576+jkANtSS2mBbw==}

  std-env@3.10.0:
    resolution: {integrity: sha512-5GS12FdOZNliM5mAOxFRg7Ir0pWz8MdpYm6AY6VPkGpbA7ZzmbzNcBJQ0GPvvyWgcY7QAhCgf9Uy89I03faLkg==}

  tinybench@2.9.0:
    resolution: {integrity: sha512-0+DUvqWMValLmha6lr4kD8iAMK1HzV0/aKnCtWb9v9641TnP/MFb7Pc2bxoxQjTXAErryXVgUOfv2YqNllqGeg==}

  tinyexec@0.3.2:
    resolution: {integrity: sha512-KQQR9yN7R5+OSwaK0XQoj22pwHoTlgYqmUscPYoknOoWCWfj/5/ABTMRi69FrKU5ffPVh5QcFikpWJI/P1ocHA==}

  tinyglobby@0.2.15:
    resolution: {integrity: sha512-j2Zq4NyQYG5XMST4cbs02Ak8iJUdxRM0XI5QyxXuZOzKOINmWurp3smXu3y5wDcJrptwpSjgXHzIQxR0omXljQ==}
    engines: {node: '>=12.0.0'}

  tinyrainbow@3.0.3:
    resolution: {integrity: sha512-PSkbLUoxOFRzJYjjxHJt9xro7D+iilgMX/C9lawzVuYiIdcihh9DXmVibBe8lmcFrRi/VzlPjBxbN7rH24q8/Q==}
    engines: {node: '>=14.0.0'}

  tslib@2.6.2:
    resolution: {integrity: sha512-AEYxH93jGFPn/a2iVAwW87VuUIkR1FVUKB77NwMF7nBTDkDrrT/Hpt/IrCJ0QXhW27jTBDcf5ZY7w6RiqTMw2Q==}

  tsx@4.20.6:
    resolution: {integrity: sha512-ytQKuwgmrrkDTFP4LjR0ToE2nqgy886GpvRSpU0JAnrdBYppuY5rLkRUYPU1yCryb24SsKBTL/hlDQAEFVwtZg==}
    engines: {node: '>=18.0.0'}
    hasBin: true

  type-fest@4.41.0:
    resolution: {integrity: sha512-TeTSQ6H5YHvpqVwBRcnLDCBnDOHWYu7IvGbHT6N8AOymcr9PJGjc1GTtiWZTYg0NCgYwvnYWEkVChQAr9bjfwA==}
    engines: {node: '>=16'}

  typescript@5.9.3:
    resolution: {integrity: sha512-jl1vZzPDinLr9eUt3J/t7V6FgNEw9QjvBPdysz9KfQDD41fQrC2Y4vKQdiaUpFT4bXlb1RHhLpp8wtm6M5TgSw==}
    engines: {node: '>=14.17'}
    hasBin: true

  undici-types@7.16.0:
    resolution: {integrity: sha512-Zz+aZWSj8LE6zoxD+xrjh4VfkIG8Ya6LvYkZqtUQGJPZjYl53ypCaUwWqo7eI0x66KBGeRo+mlBEkMSeSZ38Nw==}

  vite@7.2.2:
    resolution: {integrity: sha512-BxAKBWmIbrDgrokdGZH1IgkIk/5mMHDreLDmCJ0qpyJaAteP8NvMhkwr/ZCQNqNH97bw/dANTE9PDzqwJghfMQ==}
    engines: {node: ^20.19.0 || >=22.12.0}
    hasBin: true
    peerDependencies:
      '@types/node': ^20.19.0 || >=22.12.0
      jiti: '>=1.21.0'
      less: ^4.0.0
      lightningcss: ^1.21.0
      sass: ^1.70.0
      sass-embedded: ^1.70.0
      stylus: '>=0.54.8'
      sugarss: ^5.0.0
      terser: ^5.16.0
      tsx: ^4.8.1
      yaml: ^2.4.2
    peerDependenciesMeta:
      '@types/node':
        optional: true
      jiti:
        optional: true
      less:
        optional: true
      lightningcss:
        optional: true
      sass:
        optional: true
      sass-embedded:
        optional: true
      stylus:
        optional: true
      sugarss:
        optional: true
      terser:
        optional: true
      tsx:
        optional: true
      yaml:
        optional: true

  vitest@4.0.10:
    resolution: {integrity: sha512-2Fqty3MM9CDwOVet/jaQalYlbcjATZwPYGcqpiYQqgQ/dLC7GuHdISKgTYIVF/kaishKxLzleKWWfbSDklyIKg==}
    engines: {node: ^20.0.0 || ^22.0.0 || >=24.0.0}
    hasBin: true
    peerDependencies:
      '@edge-runtime/vm': '*'
      '@types/debug': ^4.1.12
      '@types/node': ^20.0.0 || ^22.0.0 || >=24.0.0
      '@vitest/browser-playwright': 4.0.10
      '@vitest/browser-preview': 4.0.10
      '@vitest/browser-webdriverio': 4.0.10
      '@vitest/ui': 4.0.10
      happy-dom: '*'
      jsdom: '*'
    peerDependenciesMeta:
      '@edge-runtime/vm':
        optional: true
      '@types/debug':
        optional: true
      '@types/node':
        optional: true
      '@vitest/browser-playwright':
        optional: true
      '@vitest/browser-preview':
        optional: true
      '@vitest/browser-webdriverio':
        optional: true
      '@vitest/ui':
        optional: true
      happy-dom:
        optional: true
      jsdom:
        optional: true

  why-is-node-running@2.3.0:
    resolution: {integrity: sha512-hUrmaWBdVDcxvYqnyh09zunKzROWjbZTiNy8dBEjkS7ehEDQibXJ7XvlmtbwuTclUiIyN+CyXQD4Vmko8fNm8w==}
    engines: {node: '>=8'}
    hasBin: true

  z3-solver@4.15.4:
    resolution: {integrity: sha512-Tcv55+k5VsPQEX7R3gIu5ieUeLp9fP1r+8+c85dQORj/v4Fy+LvOzVzZZtg4mJjUgfIhGCg6ZfAeiUiUxDPRVg==}
    engines: {node: '>=16'}

snapshots:

  '@esbuild/aix-ppc64@0.25.6':
    optional: true

  '@esbuild/android-arm64@0.25.6':
    optional: true

  '@esbuild/android-arm@0.25.6':
    optional: true

  '@esbuild/android-x64@0.25.6':
    optional: true

  '@esbuild/darwin-arm64@0.25.6':
    optional: true

  '@esbuild/darwin-x64@0.25.6':
    optional: true

  '@esbuild/freebsd-arm64@0.25.6':
    optional: true

  '@esbuild/freebsd-x64@0.25.6':
    optional: true

  '@esbuild/linux-arm64@0.25.6':
    optional: true

  '@esbuild/linux-arm@0.25.6':
    optional: true

  '@esbuild/linux-ia32@0.25.6':
    optional: true

  '@esbuild/linux-loong64@0.25.6':
    optional: true

  '@esbuild/linux-mips64el@0.25.6':
    optional: true

  '@esbuild/linux-ppc64@0.25.6':
    optional: true

  '@esbuild/linux-riscv64@0.25.6':
    optional: true

  '@esbuild/linux-s390x@0.25.6':
    optional: true

  '@esbuild/linux-x64@0.25.6':
    optional: true

  '@esbuild/netbsd-arm64@0.25.6':
    optional: true

  '@esbuild/netbsd-x64@0.25.6':
    optional: true

  '@esbuild/openbsd-arm64@0.25.6':
    optional: true

  '@esbuild/openbsd-x64@0.25.6':
    optional: true

  '@esbuild/openharmony-arm64@0.25.6':
    optional: true

  '@esbuild/sunos-x64@0.25.6':
    optional: true

  '@esbuild/win32-arm64@0.25.6':
    optional: true

  '@esbuild/win32-ia32@0.25.6':
    optional: true

  '@esbuild/win32-x64@0.25.6':
    optional: true

  '@jridgewell/sourcemap-codec@1.5.5': {}

  '@rollup/rollup-android-arm-eabi@4.44.2':
    optional: true

  '@rollup/rollup-android-arm64@4.44.2':
    optional: true

  '@rollup/rollup-darwin-arm64@4.44.2':
    optional: true

  '@rollup/rollup-darwin-x64@4.44.2':
    optional: true

  '@rollup/rollup-freebsd-arm64@4.44.2':
    optional: true

  '@rollup/rollup-freebsd-x64@4.44.2':
    optional: true

  '@rollup/rollup-linux-arm-gnueabihf@4.44.2':
    optional: true

  '@rollup/rollup-linux-arm-musleabihf@4.44.2':
    optional: true

  '@rollup/rollup-linux-arm64-gnu@4.44.2':
    optional: true

  '@rollup/rollup-linux-arm64-musl@4.44.2':
    optional: true

  '@rollup/rollup-linux-loongarch64-gnu@4.44.2':
    optional: true

  '@rollup/rollup-linux-powerpc64le-gnu@4.44.2':
    optional: true

  '@rollup/rollup-linux-riscv64-gnu@4.44.2':
    optional: true

  '@rollup/rollup-linux-riscv64-musl@4.44.2':
    optional: true

  '@rollup/rollup-linux-s390x-gnu@4.44.2':
    optional: true

  '@rollup/rollup-linux-x64-gnu@4.44.2':
    optional: true

  '@rollup/rollup-linux-x64-musl@4.44.2':
    optional: true

  '@rollup/rollup-win32-arm64-msvc@4.44.2':
    optional: true

  '@rollup/rollup-win32-ia32-msvc@4.44.2':
    optional: true

  '@rollup/rollup-win32-x64-msvc@4.44.2':
    optional: true

  '@standard-schema/spec@1.0.0': {}

  '@types/chai@5.2.2':
    dependencies:
      '@types/deep-eql': 4.0.2

  '@types/deep-eql@4.0.2': {}

  '@types/estree@1.0.8': {}

  '@types/node@24.10.1':
    dependencies:
      undici-types: 7.16.0

  '@vitest/expect@4.0.10':
    dependencies:
      '@standard-schema/spec': 1.0.0
      '@types/chai': 5.2.2
      '@vitest/spy': 4.0.10
      '@vitest/utils': 4.0.10
      chai: 6.2.1
      tinyrainbow: 3.0.3

  '@vitest/mocker@4.0.10(vite@7.2.2(@types/node@24.10.1)(tsx@4.20.6))':
    dependencies:
      '@vitest/spy': 4.0.10
      estree-walker: 3.0.3
      magic-string: 0.30.21
    optionalDependencies:
      vite: 7.2.2(@types/node@24.10.1)(tsx@4.20.6)

  '@vitest/pretty-format@4.0.10':
    dependencies:
      tinyrainbow: 3.0.3

  '@vitest/runner@4.0.10':
    dependencies:
      '@vitest/utils': 4.0.10
      pathe: 2.0.3

  '@vitest/snapshot@4.0.10':
    dependencies:
      '@vitest/pretty-format': 4.0.10
      magic-string: 0.30.21
      pathe: 2.0.3

  '@vitest/spy@4.0.10': {}

  '@vitest/utils@4.0.10':
    dependencies:
      '@vitest/pretty-format': 4.0.10
      tinyrainbow: 3.0.3

  async-mutex@0.3.2:
    dependencies:
      tslib: 2.6.2

  chai@6.2.1: {}

  debug@4.4.3:
    dependencies:
      ms: 2.1.3

  dotenv@17.2.3: {}

  es-module-lexer@1.7.0: {}

  esbuild@0.25.6:
    optionalDependencies:
      '@esbuild/aix-ppc64': 0.25.6
      '@esbuild/android-arm': 0.25.6
      '@esbuild/android-arm64': 0.25.6
      '@esbuild/android-x64': 0.25.6
      '@esbuild/darwin-arm64': 0.25.6
      '@esbuild/darwin-x64': 0.25.6
      '@esbuild/freebsd-arm64': 0.25.6
      '@esbuild/freebsd-x64': 0.25.6
      '@esbuild/linux-arm': 0.25.6
      '@esbuild/linux-arm64': 0.25.6
      '@esbuild/linux-ia32': 0.25.6
      '@esbuild/linux-loong64': 0.25.6
      '@esbuild/linux-mips64el': 0.25.6
      '@esbuild/linux-ppc64': 0.25.6
      '@esbuild/linux-riscv64': 0.25.6
      '@esbuild/linux-s390x': 0.25.6
      '@esbuild/linux-x64': 0.25.6
      '@esbuild/netbsd-arm64': 0.25.6
      '@esbuild/netbsd-x64': 0.25.6
      '@esbuild/openbsd-arm64': 0.25.6
      '@esbuild/openbsd-x64': 0.25.6
      '@esbuild/openharmony-arm64': 0.25.6
      '@esbuild/sunos-x64': 0.25.6
      '@esbuild/win32-arm64': 0.25.6
      '@esbuild/win32-ia32': 0.25.6
      '@esbuild/win32-x64': 0.25.6

  estree-walker@3.0.3:
    dependencies:
      '@types/estree': 1.0.8

  expect-type@1.2.2: {}

  fdir@6.5.0(picomatch@4.0.3):
    optionalDependencies:
      picomatch: 4.0.3

  fsevents@2.3.3:
    optional: true

  get-tsconfig@4.13.0:
    dependencies:
      resolve-pkg-maps: 1.0.0

  magic-string@0.30.21:
    dependencies:
      '@jridgewell/sourcemap-codec': 1.5.5

  ms@2.1.3: {}

  nanoid@3.3.11: {}

  pathe@2.0.3: {}

  picocolors@1.1.1: {}

  picomatch@4.0.3: {}

  postcss@8.5.6:
    dependencies:
      nanoid: 3.3.11
      picocolors: 1.1.1
      source-map-js: 1.2.1

  remeda@2.32.0:
    dependencies:
      type-fest: 4.41.0

  resolve-pkg-maps@1.0.0: {}

  rollup@4.44.2:
    dependencies:
      '@types/estree': 1.0.8
    optionalDependencies:
      '@rollup/rollup-android-arm-eabi': 4.44.2
      '@rollup/rollup-android-arm64': 4.44.2
      '@rollup/rollup-darwin-arm64': 4.44.2
      '@rollup/rollup-darwin-x64': 4.44.2
      '@rollup/rollup-freebsd-arm64': 4.44.2
      '@rollup/rollup-freebsd-x64': 4.44.2
      '@rollup/rollup-linux-arm-gnueabihf': 4.44.2
      '@rollup/rollup-linux-arm-musleabihf': 4.44.2
      '@rollup/rollup-linux-arm64-gnu': 4.44.2
      '@rollup/rollup-linux-arm64-musl': 4.44.2
      '@rollup/rollup-linux-loongarch64-gnu': 4.44.2
      '@rollup/rollup-linux-powerpc64le-gnu': 4.44.2
      '@rollup/rollup-linux-riscv64-gnu': 4.44.2
      '@rollup/rollup-linux-riscv64-musl': 4.44.2
      '@rollup/rollup-linux-s390x-gnu': 4.44.2
      '@rollup/rollup-linux-x64-gnu': 4.44.2
      '@rollup/rollup-linux-x64-musl': 4.44.2
      '@rollup/rollup-win32-arm64-msvc': 4.44.2
      '@rollup/rollup-win32-ia32-msvc': 4.44.2
      '@rollup/rollup-win32-x64-msvc': 4.44.2
      fsevents: 2.3.3

  siginfo@2.0.0: {}

  source-map-js@1.2.1: {}

  stackback@0.0.2: {}

  std-env@3.10.0: {}

  tinybench@2.9.0: {}

  tinyexec@0.3.2: {}

  tinyglobby@0.2.15:
    dependencies:
      fdir: 6.5.0(picomatch@4.0.3)
      picomatch: 4.0.3

  tinyrainbow@3.0.3: {}

  tslib@2.6.2: {}

  tsx@4.20.6:
    dependencies:
      esbuild: 0.25.6
      get-tsconfig: 4.13.0
    optionalDependencies:
      fsevents: 2.3.3

  type-fest@4.41.0: {}

  typescript@5.9.3: {}

  undici-types@7.16.0: {}

  vite@7.2.2(@types/node@24.10.1)(tsx@4.20.6):
    dependencies:
      esbuild: 0.25.6
      fdir: 6.5.0(picomatch@4.0.3)
      picomatch: 4.0.3
      postcss: 8.5.6
      rollup: 4.44.2
      tinyglobby: 0.2.15
    optionalDependencies:
      '@types/node': 24.10.1
      fsevents: 2.3.3
      tsx: 4.20.6

  vitest@4.0.10(@types/node@24.10.1)(tsx@4.20.6):
    dependencies:
      '@vitest/expect': 4.0.10
      '@vitest/mocker': 4.0.10(vite@7.2.2(@types/node@24.10.1)(tsx@4.20.6))
      '@vitest/pretty-format': 4.0.10
      '@vitest/runner': 4.0.10
      '@vitest/snapshot': 4.0.10
      '@vitest/spy': 4.0.10
      '@vitest/utils': 4.0.10
      debug: 4.4.3
      es-module-lexer: 1.7.0
      expect-type: 1.2.2
      magic-string: 0.30.21
      pathe: 2.0.3
      picomatch: 4.0.3
      std-env: 3.10.0
      tinybench: 2.9.0
      tinyexec: 0.3.2
      tinyglobby: 0.2.15
      tinyrainbow: 3.0.3
      vite: 7.2.2(@types/node@24.10.1)(tsx@4.20.6)
      why-is-node-running: 2.3.0
    optionalDependencies:
      '@types/node': 24.10.1
    transitivePeerDependencies:
      - jiti
      - less
      - lightningcss
      - msw
      - sass
      - sass-embedded
      - stylus
      - sugarss
      - supports-color
      - terser
      - tsx
      - yaml

  why-is-node-running@2.3.0:
    dependencies:
      siginfo: 2.0.0
      stackback: 0.0.2

  z3-solver@4.15.4:
    dependencies:
      async-mutex: 0.3.2
